
Microsoft Visual Studio Solution File, Format Version 12.00
# Visual Studio 14
VisualStudioVersion = 14.0.24720.0
MinimumVisualStudioVersion = 10.0.40219.1
Project("{FAE04EC0-301F-11D3-BF4B-00C04F79EFBC}") = "Quicksort", "Quicksort\Quicksort.csproj", "{4D1A706A-6598-429D-901E-80C846CAAA05}"
EndProject
Global
	GlobalSection(SolutionConfigurationPlatforms) = preSolution
		Debug|Any CPU = Debug|Any CPU
		Release|Any CPU = Release|Any CPU
	EndGlobalSection
	GlobalSection(ProjectConfigurationPlatforms) = postSolution
		{4D1A706A-6598-429D-901E-80C846CAAA05}.Debug|Any CPU.ActiveCfg = Debug|Any CPU
		{4D1A706A-6598-429D-901E-80C846CAAA05}.Debug|Any CPU.Build.0 = Debug|Any CPU
		{4D1A706A-6598-429D-901E-80C846CAAA05}.Release|Any CPU.ActiveCfg = Release|Any CPU
		{4D1A706A-6598-429D-901E-80C846CAAA05}.Release|Any CPU.Build.0 = Release|Any CPU
	EndGlobalSection
	GlobalSection(SolutionProperties) = preSolution
		HideSolutionNode = FALSE
	EndGlobalSection
EndGlobal
